
Microsoft Visual Studio Solution File, Format Version 12.00
# Visual Studio Version 16
VisualStudioVersion = 16.0.31727.386
MinimumVisualStudioVersion = 10.0.40219.1
Project("{9A19103F-16F7-4668-BE54-9A1E7A4F7556}") = "x00153302 CA3 EAD Blazor", "x00153302 CA3 EAD Blazor\x00153302 CA3 EAD Blazor.csproj", "{E1E996C8-0A4C-4620-9377-449656F6E267}"
EndProject
Project("{FAE04EC0-301F-11D3-BF4B-00C04F79EFBC}") = "Xunit testing", "Xunit testing\Xunit testing.csproj", "{DF96BED1-B957-428F-BC9B-2890394F2487}"
EndProject
Global
	GlobalSection(SolutionConfigurationPlatforms) = preSolution
		Debug|Any CPU = Debug|Any CPU
		Release|Any CPU = Release|Any CPU
	EndGlobalSection
	GlobalSection(ProjectConfigurationPlatforms) = postSolution
		{E1E996C8-0A4C-4620-9377-449656F6E267}.Debug|Any CPU.ActiveCfg = Debug|Any CPU
		{E1E996C8-0A4C-4620-9377-449656F6E267}.Debug|Any CPU.Build.0 = Debug|Any CPU
		{E1E996C8-0A4C-4620-9377-449656F6E267}.Release|Any CPU.ActiveCfg = Release|Any CPU
		{E1E996C8-0A4C-4620-9377-449656F6E267}.Release|Any CPU.Build.0 = Release|Any CPU
		{DF96BED1-B957-428F-BC9B-2890394F2487}.Debug|Any CPU.ActiveCfg = Debug|Any CPU
		{DF96BED1-B957-428F-BC9B-2890394F2487}.Debug|Any CPU.Build.0 = Debug|Any CPU
		{DF96BED1-B957-428F-BC9B-2890394F2487}.Release|Any CPU.ActiveCfg = Release|Any CPU
		{DF96BED1-B957-428F-BC9B-2890394F2487}.Release|Any CPU.Build.0 = Release|Any CPU
	EndGlobalSection
	GlobalSection(SolutionProperties) = preSolution
		HideSolutionNode = FALSE
	EndGlobalSection
	GlobalSection(ExtensibilityGlobals) = postSolution
		SolutionGuid = {80EE872E-37CA-40EF-9FD4-DDD52F89FCB0}
	EndGlobalSection
EndGlobal
